
Microsoft Visual Studio Solution File, Format Version 12.00
# Visual Studio Version 17
VisualStudioVersion = 17.5.33530.505
MinimumVisualStudioVersion = 10.0.40219.1
Project("{FAE04EC0-301F-11D3-BF4B-00C04F79EFBC}") = "MutlakDeger", "MutlakDeger\MutlakDeger.csproj", "{9F669095-9F42-42D5-ACAB-3078AABCC2A3}"
EndProject
Global
	GlobalSection(SolutionConfigurationPlatforms) = preSolution
		Debug|Any CPU = Debug|Any CPU
		Release|Any CPU = Release|Any CPU
	EndGlobalSection
	GlobalSection(ProjectConfigurationPlatforms) = postSolution
		{9F669095-9F42-42D5-ACAB-3078AABCC2A3}.Debug|Any CPU.ActiveCfg = Debug|Any CPU
		{9F669095-9F42-42D5-ACAB-3078AABCC2A3}.Debug|Any CPU.Build.0 = Debug|Any CPU
		{9F669095-9F42-42D5-ACAB-3078AABCC2A3}.Release|Any CPU.ActiveCfg = Release|Any CPU
		{9F669095-9F42-42D5-ACAB-3078AABCC2A3}.Release|Any CPU.Build.0 = Release|Any CPU
	EndGlobalSection
	GlobalSection(SolutionProperties) = preSolution
		HideSolutionNode = FALSE
	EndGlobalSection
	GlobalSection(ExtensibilityGlobals) = postSolution
		SolutionGuid = {01F3BB79-8A15-44C5-B5E8-2C1434DE9F16}
	EndGlobalSection
EndGlobal
