
Microsoft Visual Studio Solution File, Format Version 12.00
# Visual Studio Version 17
VisualStudioVersion = 17.5.33530.505
MinimumVisualStudioVersion = 10.0.40219.1
Project("{FAE04EC0-301F-11D3-BF4B-00C04F79EFBC}") = "DaireCizme", "DaireCizme\DaireCizme.csproj", "{F401E220-FA30-451A-AD2B-B08FD5981058}"
EndProject
Global
	GlobalSection(SolutionConfigurationPlatforms) = preSolution
		Debug|Any CPU = Debug|Any CPU
		Release|Any CPU = Release|Any CPU
	EndGlobalSection
	GlobalSection(ProjectConfigurationPlatforms) = postSolution
		{F401E220-FA30-451A-AD2B-B08FD5981058}.Debug|Any CPU.ActiveCfg = Debug|Any CPU
		{F401E220-FA30-451A-AD2B-B08FD5981058}.Debug|Any CPU.Build.0 = Debug|Any CPU
		{F401E220-FA30-451A-AD2B-B08FD5981058}.Release|Any CPU.ActiveCfg = Release|Any CPU
		{F401E220-FA30-451A-AD2B-B08FD5981058}.Release|Any CPU.Build.0 = Release|Any CPU
	EndGlobalSection
	GlobalSection(SolutionProperties) = preSolution
		HideSolutionNode = FALSE
	EndGlobalSection
	GlobalSection(ExtensibilityGlobals) = postSolution
		SolutionGuid = {AE7419BA-1723-42A7-BBD8-7EF709DB4953}
	EndGlobalSection
EndGlobal
